{
  "name": "@webura/element",
  "version": "1.0.0",
  "lockfileVersion": 2,
  "requires": true,
  "packages": {
    "": {
      "name": "@webura/element",
      "version": "1.0.0",
      "license": "unlicense",
      "dependencies": {
        "parse5": "^6.0.1"
      },
      "devDependencies": {
        "@types/parse5": "^6.0.1"
      }
    },
    "node_modules/@types/parse5": {
      "version": "6.0.1",
      "resolved": "https://registry.npmjs.org/@types/parse5/-/parse5-6.0.1.tgz",
      "integrity": "sha512-ARATsLdrGPUnaBvxLhUlnltcMgn7pQG312S8ccdYlnyijabrX9RN/KN/iGj9Am96CoW8e/K9628BA7Bv4XHdrA==",
      "dev": true
    },
    "node_modules/parse5": {
      "version": "6.0.1",
      "resolved": "https://registry.npmjs.org/parse5/-/parse5-6.0.1.tgz",
      "integrity": "sha512-Ofn/CTFzRGTTxwpNEs9PP93gXShHcTq255nzRYSKe8AkVpZY7e1fpmTfOyoIvjP5HG7Z2ZM7VS9PPhQGW2pOpw=="
    }
  },
  "dependencies": {
    "@types/parse5": {
      "version": "6.0.1",
      "resolved": "https://registry.npmjs.org/@types/parse5/-/parse5-6.0.1.tgz",
      "integrity": "sha512-ARATsLdrGPUnaBvxLhUlnltcMgn7pQG312S8ccdYlnyijabrX9RN/KN/iGj9Am96CoW8e/K9628BA7Bv4XHdrA==",
      "dev": true
    },
    "parse5": {
      "version": "6.0.1",
      "resolved": "https://registry.npmjs.org/parse5/-/parse5-6.0.1.tgz",
      "integrity": "sha512-Ofn/CTFzRGTTxwpNEs9PP93gXShHcTq255nzRYSKe8AkVpZY7e1fpmTfOyoIvjP5HG7Z2ZM7VS9PPhQGW2pOpw=="
    }
  }
}
